// !$*UTF8*$!
{
	archiveVersion = 1;
	classes = {
	};
	objectVersion = 46;
	objects = {

/* Begin PBXBuildFile section */
		3F3C7D8DC1277616E89F2718 /* Pods_chatApplication.framework in Frameworks */ = {isa = PBXBuildFile; fileRef = 71D3C9D8B26F0450678C16EF /* Pods_chatApplication.framework */; };
		EEA440C91EB6222D00DE58EC /* GoogleService-Info.plist in Resources */ = {isa = PBXBuildFile; fileRef = EEA440C81EB6222D00DE58EC /* GoogleService-Info.plist */; };
		EEA440CB1EB6745800DE58EC /* NewMessageController.swift in Sources */ = {isa = PBXBuildFile; fileRef = EEA440CA1EB6745800DE58EC /* NewMessageController.swift */; };
		EEA440CE1EB67E2900DE58EC /* User.swift in Sources */ = {isa = PBXBuildFile; fileRef = EEA440CD1EB67E2900DE58EC /* User.swift */; };
		EEA440D01EB68E2600DE58EC /* LoginController + handlers.swift in Sources */ = {isa = PBXBuildFile; fileRef = EEA440CF1EB68E2600DE58EC /* LoginController + handlers.swift */; };
		EEC9242B1EB5FA4900B22FDE /* Extensions.swift in Sources */ = {isa = PBXBuildFile; fileRef = EEC9242A1EB5FA4900B22FDE /* Extensions.swift */; };
		EEE31B581EB5E9EF0044656C /* AppDelegate.swift in Sources */ = {isa = PBXBuildFile; fileRef = EEE31B571EB5E9EF0044656C /* AppDelegate.swift */; };
		EEE31B5A1EB5E9EF0044656C /* MessagesController.swift in Sources */ = {isa = PBXBuildFile; fileRef = EEE31B591EB5E9EF0044656C /* MessagesController.swift */; };
		EEE31B5D1EB5E9EF0044656C /* Main.storyboard in Resources */ = {isa = PBXBuildFile; fileRef = EEE31B5B1EB5E9EF0044656C /* Main.storyboard */; };
		EEE31B5F1EB5E9EF0044656C /* Assets.xcassets in Resources */ = {isa = PBXBuildFile; fileRef = EEE31B5E1EB5E9EF0044656C /* Assets.xcassets */; };
		EEE31B621EB5E9EF0044656C /* LaunchScreen.storyboard in Resources */ = {isa = PBXBuildFile; fileRef = EEE31B601EB5E9EF0044656C /* LaunchScreen.storyboard */; };
		EEE31B6B1EB5F0D70044656C /* LoginController.swift in Sources */ = {isa = PBXBuildFile; fileRef = EEE31B6A1EB5F0D70044656C /* LoginController.swift */; };
/* End PBXBuildFile section */

/* Begin PBXFileReference section */
		1EB1D58900A7767311690793 /* Pods-chatApplication.release.xcconfig */ = {isa = PBXFileReference; includeInIndex = 1; lastKnownFileType = text.xcconfig; name = "Pods-chatApplication.release.xcconfig"; path = "Pods/Target Support Files/Pods-chatApplication/Pods-chatApplication.release.xcconfig"; sourceTree = "<group>"; };
		71D3C9D8B26F0450678C16EF /* Pods_chatApplication.framework */ = {isa = PBXFileReference; explicitFileType = wrapper.framework; includeInIndex = 0; path = Pods_chatApplication.framework; sourceTree = BUILT_PRODUCTS_DIR; };
		EEA440C81EB6222D00DE58EC /* GoogleService-Info.plist */ = {isa = PBXFileReference; fileEncoding = 4; lastKnownFileType = text.plist.xml; path = "GoogleService-Info.plist"; sourceTree = "<group>"; };
		EEA440CA1EB6745800DE58EC /* NewMessageController.swift */ = {isa = PBXFileReference; fileEncoding = 4; lastKnownFileType = sourcecode.swift; path = NewMessageController.swift; sourceTree = "<group>"; };
		EEA440CD1EB67E2900DE58EC /* User.swift */ = {isa = PBXFileReference; fileEncoding = 4; lastKnownFileType = sourcecode.swift; path = User.swift; sourceTree = "<group>"; };
		EEA440CF1EB68E2600DE58EC /* LoginController + handlers.swift */ = {isa = PBXFileReference; fileEncoding = 4; lastKnownFileType = sourcecode.swift; path = "LoginController + handlers.swift"; sourceTree = "<group>"; };
		EEC9242A1EB5FA4900B22FDE /* Extensions.swift */ = {isa = PBXFileReference; fileEncoding = 4; lastKnownFileType = sourcecode.swift; path = Extensions.swift; sourceTree = "<group>"; };
		EEE31B541EB5E9EF0044656C /* chatApplication.app */ = {isa = PBXFileReference; explicitFileType = wrapper.application; includeInIndex = 0; path = chatApplication.app; sourceTree = BUILT_PRODUCTS_DIR; };
		EEE31B571EB5E9EF0044656C /* AppDelegate.swift */ = {isa = PBXFileReference; lastKnownFileType = sourcecode.swift; path = AppDelegate.swift; sourceTree = "<group>"; };
		EEE31B591EB5E9EF0044656C /* MessagesController.swift */ = {isa = PBXFileReference; lastKnownFileType = sourcecode.swift; path = MessagesController.swift; sourceTree = "<group>"; };
		EEE31B5C1EB5E9EF0044656C /* Base */ = {isa = PBXFileReference; lastKnownFileType = file.storyboard; name = Base; path = Base.lproj/Main.storyboard; sourceTree = "<group>"; };
		EEE31B5E1EB5E9EF0044656C /* Assets.xcassets */ = {isa = PBXFileReference; lastKnownFileType = folder.assetcatalog; path = Assets.xcassets; sourceTree = "<group>"; };
		EEE31B611EB5E9EF0044656C /* Base */ = {isa = PBXFileReference; lastKnownFileType = file.storyboard; name = Base; path = Base.lproj/LaunchScreen.storyboard; sourceTree = "<group>"; };
		EEE31B631EB5E9EF0044656C /* Info.plist */ = {isa = PBXFileReference; lastKnownFileType = text.plist.xml; path = Info.plist; sourceTree = "<group>"; };
		EEE31B6A1EB5F0D70044656C /* LoginController.swift */ = {isa = PBXFileReference; fileEncoding = 4; lastKnownFileType = sourcecode.swift; path = LoginController.swift; sourceTree = "<group>"; };
		F3C62589E20281C7A72FCBA1 /* Pods-chatApplication.debug.xcconfig */ = {isa = PBXFileReference; includeInIndex = 1; lastKnownFileType = text.xcconfig; name = "Pods-chatApplication.debug.xcconfig"; path = "Pods/Target Support Files/Pods-chatApplication/Pods-chatApplication.debug.xcconfig"; sourceTree = "<group>"; };
/* End PBXFileReference section */

/* Begin PBXFrameworksBuildPhase section */
		EEE31B511EB5E9EF0044656C /* Frameworks */ = {
			isa = PBXFrameworksBuildPhase;
			buildActionMask = 2147483647;
			files = (
				3F3C7D8DC1277616E89F2718 /* Pods_chatApplication.framework in Frameworks */,
			);
			runOnlyForDeploymentPostprocessing = 0;
		};
/* End PBXFrameworksBuildPhase section */

/* Begin PBXGroup section */
		5FB122646FF962CF2D980989 /* Pods */ = {
			isa = PBXGroup;
			children = (
				F3C62589E20281C7A72FCBA1 /* Pods-chatApplication.debug.xcconfig */,
				1EB1D58900A7767311690793 /* Pods-chatApplication.release.xcconfig */,
			);
			name = Pods;
			sourceTree = "<group>";
		};
		788162813EF8F06AACD1D33B /* Frameworks */ = {
			isa = PBXGroup;
			children = (
				71D3C9D8B26F0450678C16EF /* Pods_chatApplication.framework */,
			);
			name = Frameworks;
			sourceTree = "<group>";
		};
		EEA440CC1EB67E1300DE58EC /* Model */ = {
			isa = PBXGroup;
			children = (
				EEA440CD1EB67E2900DE58EC /* User.swift */,
			);
			name = Model;
			sourceTree = "<group>";
		};
		EEC924291EB5FA1C00B22FDE /* Extensions */ = {
			isa = PBXGroup;
			children = (
				EEC9242A1EB5FA4900B22FDE /* Extensions.swift */,
			);
			name = Extensions;
			sourceTree = "<group>";
		};
		EEE31B4B1EB5E9EF0044656C = {
			isa = PBXGroup;
			children = (
				EEE31B561EB5E9EF0044656C /* chatApplication */,
				EEE31B551EB5E9EF0044656C /* Products */,
				5FB122646FF962CF2D980989 /* Pods */,
				788162813EF8F06AACD1D33B /* Frameworks */,
			);
			sourceTree = "<group>";
		};
		EEE31B551EB5E9EF0044656C /* Products */ = {
			isa = PBXGroup;
			children = (
				EEE31B541EB5E9EF0044656C /* chatApplication.app */,
			);
			name = Products;
			sourceTree = "<group>";
		};
		EEE31B561EB5E9EF0044656C /* chatApplication */ = {
			isa = PBXGroup;
			children = (
				EEA440CC1EB67E1300DE58EC /* Model */,
				EEC924291EB5FA1C00B22FDE /* Extensions */,
				EEE31B691EB5F0B40044656C /* Controller */,
				EEE31B571EB5E9EF0044656C /* AppDelegate.swift */,
				EEE31B5B1EB5E9EF0044656C /* Main.storyboard */,
				EEE31B5E1EB5E9EF0044656C /* Assets.xcassets */,
				EEE31B601EB5E9EF0044656C /* LaunchScreen.storyboard */,
				EEE31B631EB5E9EF0044656C /* Info.plist */,
				EEA440C81EB6222D00DE58EC /* GoogleService-Info.plist */,
			);
			path = chatApplication;
			sourceTree = "<group>";
		};
		EEE31B691EB5F0B40044656C /* Controller */ = {
			isa = PBXGroup;
			children = (
				EEE31B6A1EB5F0D70044656C /* LoginController.swift */,
				EEA440CF1EB68E2600DE58EC /* LoginController + handlers.swift */,
				EEE31B591EB5E9EF0044656C /* MessagesController.swift */,
				EEA440CA1EB6745800DE58EC /* NewMessageController.swift */,
			);
			name = Controller;
			sourceTree = "<group>";
		};
/* End PBXGroup section */

/* Begin PBXNativeTarget section */
		EEE31B531EB5E9EF0044656C /* chatApplication */ = {
			isa = PBXNativeTarget;
			buildConfigurationList = EEE31B661EB5E9EF0044656C /* Build configuration list for PBXNativeTarget "chatApplication" */;
			buildPhases = (
				1704272433A4D8973FECF7A9 /* [CP] Check Pods Manifest.lock */,
				EEE31B501EB5E9EF0044656C /* Sources */,
				EEE31B511EB5E9EF0044656C /* Frameworks */,
				EEE31B521EB5E9EF0044656C /* Resources */,
				C0164769F6F9ED2795822446 /* [CP] Embed Pods Frameworks */,
				7237C1442B0AF06282712A41 /* [CP] Copy Pods Resources */,
			);
			buildRules = (
			);
			dependencies = (
			);
			name = chatApplication;
			productName = chatApplication;
			productReference = EEE31B541EB5E9EF0044656C /* chatApplication.app */;
			productType = "com.apple.product-type.application";
		};
/* End PBXNativeTarget section */

/* Begin PBXProject section */
		EEE31B4C1EB5E9EF0044656C /* Project object */ = {
			isa = PBXProject;
			attributes = {
				LastSwiftUpdateCheck = 0820;
				LastUpgradeCheck = 0820;
				ORGANIZATIONNAME = "Игорь Талов";
				TargetAttributes = {
					EEE31B531EB5E9EF0044656C = {
						CreatedOnToolsVersion = 8.2.1;
						DevelopmentTeam = WJ2494P78F;
						ProvisioningStyle = Automatic;
					};
				};
			};
			buildConfigurationList = EEE31B4F1EB5E9EF0044656C /* Build configuration list for PBXProject "chatApplication" */;
			compatibilityVersion = "Xcode 3.2";
			developmentRegion = English;
			hasScannedForEncodings = 0;
			knownRegions = (
				en,
				Base,
			);
			mainGroup = EEE31B4B1EB5E9EF0044656C;
			productRefGroup = EEE31B551EB5E9EF0044656C /* Products */;
			projectDirPath = "";
			projectRoot = "";
			targets = (
				EEE31B531EB5E9EF0044656C /* chatApplication */,
			);
		};
/* End PBXProject section */

/* Begin PBXResourcesBuildPhase section */
		EEE31B521EB5E9EF0044656C /* Resources */ = {
			isa = PBXResourcesBuildPhase;
			buildActionMask = 2147483647;
			files = (
				EEE31B621EB5E9EF0044656C /* LaunchScreen.storyboard in Resources */,
				EEE31B5F1EB5E9EF0044656C /* Assets.xcassets in Resources */,
				EEE31B5D1EB5E9EF0044656C /* Main.storyboard in Resources */,
				EEA440C91EB6222D00DE58EC /* GoogleService-Info.plist in Resources */,
			);
			runOnlyForDeploymentPostprocessing = 0;
		};
/* End PBXResourcesBuildPhase section */

/* Begin PBXShellScriptBuildPhase section */
		1704272433A4D8973FECF7A9 /* [CP] Check Pods Manifest.lock */ = {
			isa = PBXShellScriptBuildPhase;
			buildActionMask = 2147483647;
			files = (
			);
			inputPaths = (
			);
			name = "[CP] Check Pods Manifest.lock";
			outputPaths = (
			);
			runOnlyForDeploymentPostprocessing = 0;
			shellPath = /bin/sh;
			shellScript = "diff \"${PODS_ROOT}/../Podfile.lock\" \"${PODS_ROOT}/Manifest.lock\" > /dev/null\nif [ $? != 0 ] ; then\n    # print error to STDERR\n    echo \"error: The sandbox is not in sync with the Podfile.lock. Run 'pod install' or update your CocoaPods installation.\" >&2\n    exit 1\nfi\n";
			showEnvVarsInLog = 0;
		};
		7237C1442B0AF06282712A41 /* [CP] Copy Pods Resources */ = {
			isa = PBXShellScriptBuildPhase;
			buildActionMask = 2147483647;
			files = (
			);
			inputPaths = (
			);
			name = "[CP] Copy Pods Resources";
			outputPaths = (
			);
			runOnlyForDeploymentPostprocessing = 0;
			shellPath = /bin/sh;
			shellScript = "\"${SRCROOT}/Pods/Target Support Files/Pods-chatApplication/Pods-chatApplication-resources.sh\"\n";
			showEnvVarsInLog = 0;
		};
		C0164769F6F9ED2795822446 /* [CP] Embed Pods Frameworks */ = {
			isa = PBXShellScriptBuildPhase;
			buildActionMask = 2147483647;
			files = (
			);
			inputPaths = (
			);
			name = "[CP] Embed Pods Frameworks";
			outputPaths = (
			);
			runOnlyForDeploymentPostprocessing = 0;
			shellPath = /bin/sh;
			shellScript = "\"${SRCROOT}/Pods/Target Support Files/Pods-chatApplication/Pods-chatApplication-frameworks.sh\"\n";
			showEnvVarsInLog = 0;
		};
/* End PBXShellScriptBuildPhase section */

/* Begin PBXSourcesBuildPhase section */
		EEE31B501EB5E9EF0044656C /* Sources */ = {
			isa = PBXSourcesBuildPhase;
			buildActionMask = 2147483647;
			files = (
				EEE31B5A1EB5E9EF0044656C /* MessagesController.swift in Sources */,
				EEA440CB1EB6745800DE58EC /* NewMessageController.swift in Sources */,
				EEA440CE1EB67E2900DE58EC /* User.swift in Sources */,
				EEA440D01EB68E2600DE58EC /* LoginController + handlers.swift in Sources */,
				EEE31B6B1EB5F0D70044656C /* LoginController.swift in Sources */,
				EEE31B581EB5E9EF0044656C /* AppDelegate.swift in Sources */,
				EEC9242B1EB5FA4900B22FDE /* Extensions.swift in Sources */,
			);
			runOnlyForDeploymentPostprocessing = 0;
		};
/* End PBXSourcesBuildPhase section */

/* Begin PBXVariantGroup section */
		EEE31B5B1EB5E9EF0044656C /* Main.storyboard */ = {
			isa = PBXVariantGroup;
			children = (
				EEE31B5C1EB5E9EF0044656C /* Base */,
			);
			name = Main.storyboard;
			sourceTree = "<group>";
		};
		EEE31B601EB5E9EF0044656C /* LaunchScreen.storyboard */ = {
			isa = PBXVariantGroup;
			children = (
				EEE31B611EB5E9EF0044656C /* Base */,
			);
			name = LaunchScreen.storyboard;
			sourceTree = "<group>";
		};
/* End PBXVariantGroup section */

/* Begin XCBuildConfiguration section */
		EEE31B641EB5E9EF0044656C /* Debug */ = {
			isa = XCBuildConfiguration;
			buildSettings = {
				ALWAYS_SEARCH_USER_PATHS = NO;
				CLANG_ANALYZER_NONNULL = YES;
				CLANG_CXX_LANGUAGE_STANDARD = "gnu++0x";
				CLANG_CXX_LIBRARY = "libc++";
				CLANG_ENABLE_MODULES = YES;
				CLANG_ENABLE_OBJC_ARC = YES;
				CLANG_WARN_BOOL_CONVERSION = YES;
				CLANG_WARN_CONSTANT_CONVERSION = YES;
				CLANG_WARN_DIRECT_OBJC_ISA_USAGE = YES_ERROR;
				CLANG_WARN_DOCUMENTATION_COMMENTS = YES;
				CLANG_WARN_EMPTY_BODY = YES;
				CLANG_WARN_ENUM_CONVERSION = YES;
				CLANG_WARN_INFINITE_RECURSION = YES;
				CLANG_WARN_INT_CONVERSION = YES;
				CLANG_WARN_OBJC_ROOT_CLASS = YES_ERROR;
				CLANG_WARN_SUSPICIOUS_MOVE = YES;
				CLANG_WARN_UNREACHABLE_CODE = YES;
				CLANG_WARN__DUPLICATE_METHOD_MATCH = YES;
				"CODE_SIGN_IDENTITY[sdk=iphoneos*]" = "iPhone Developer";
				COPY_PHASE_STRIP = NO;
				DEBUG_INFORMATION_FORMAT = dwarf;
				ENABLE_STRICT_OBJC_MSGSEND = YES;
				ENABLE_TESTABILITY = YES;
				GCC_C_LANGUAGE_STANDARD = gnu99;
				GCC_DYNAMIC_NO_PIC = NO;
				GCC_NO_COMMON_BLOCKS = YES;
				GCC_OPTIMIZATION_LEVEL = 0;
				GCC_PREPROCESSOR_DEFINITIONS = (
					"DEBUG=1",
					"$(inherited)",
				);
				GCC_WARN_64_TO_32_BIT_CONVERSION = YES;
				GCC_WARN_ABOUT_RETURN_TYPE = YES_ERROR;
				GCC_WARN_UNDECLARED_SELECTOR = YES;
				GCC_WARN_UNINITIALIZED_AUTOS = YES_AGGRESSIVE;
				GCC_WARN_UNUSED_FUNCTION = YES;
				GCC_WARN_UNUSED_VARIABLE = YES;
				IPHONEOS_DEPLOYMENT_TARGET = 10.2;
				MTL_ENABLE_DEBUG_INFO = YES;
				ONLY_ACTIVE_ARCH = YES;
				SDKROOT = iphoneos;
				SWIFT_ACTIVE_COMPILATION_CONDITIONS = DEBUG;
				SWIFT_OPTIMIZATION_LEVEL = "-Onone";
			};
			name = Debug;
		};
		EEE31B651EB5E9EF0044656C /* Release */ = {
			isa = XCBuildConfiguration;
			buildSettings = {
				ALWAYS_SEARCH_USER_PATHS = NO;
				CLANG_ANALYZER_NONNULL = YES;
				CLANG_CXX_LANGUAGE_STANDARD = "gnu++0x";
				CLANG_CXX_LIBRARY = "libc++";
				CLANG_ENABLE_MODULES = YES;
				CLANG_ENABLE_OBJC_ARC = YES;
				CLANG_WARN_BOOL_CONVERSION = YES;
				CLANG_WARN_CONSTANT_CONVERSION = YES;
				CLANG_WARN_DIRECT_OBJC_ISA_USAGE = YES_ERROR;
				CLANG_WARN_DOCUMENTATION_COMMENTS = YES;
				CLANG_WARN_EMPTY_BODY = YES;
				CLANG_WARN_ENUM_CONVERSION = YES;
				CLANG_WARN_INFINITE_RECURSION = YES;
				CLANG_WARN_INT_CONVERSION = YES;
				CLANG_WARN_OBJC_ROOT_CLASS = YES_ERROR;
				CLANG_WARN_SUSPICIOUS_MOVE = YES;
				CLANG_WARN_UNREACHABLE_CODE = YES;
				CLANG_WARN__DUPLICATE_METHOD_MATCH = YES;
				"CODE_SIGN_IDENTITY[sdk=iphoneos*]" = "iPhone Developer";
				COPY_PHASE_STRIP = NO;
				DEBUG_INFORMATION_FORMAT = "dwarf-with-dsym";
				ENABLE_NS_ASSERTIONS = NO;
				ENABLE_STRICT_OBJC_MSGSEND = YES;
				GCC_C_LANGUAGE_STANDARD = gnu99;
				GCC_NO_COMMON_BLOCKS = YES;
				GCC_WARN_64_TO_32_BIT_CONVERSION = YES;
				GCC_WARN_ABOUT_RETURN_TYPE = YES_ERROR;
				GCC_WARN_UNDECLARED_SELECTOR = YES;
				GCC_WARN_UNINITIALIZED_AUTOS = YES_AGGRESSIVE;
				GCC_WARN_UNUSED_FUNCTION = YES;
				GCC_WARN_UNUSED_VARIABLE = YES;
				IPHONEOS_DEPLOYMENT_TARGET = 10.2;
				MTL_ENABLE_DEBUG_INFO = NO;
				SDKROOT = iphoneos;
				SWIFT_OPTIMIZATION_LEVEL = "-Owholemodule";
				VALIDATE_PRODUCT = YES;
			};
			name = Release;
		};
		EEE31B671EB5E9EF0044656C /* Debug */ = {
			isa = XCBuildConfiguration;
			baseConfigurationReference = F3C62589E20281C7A72FCBA1 /* Pods-chatApplication.debug.xcconfig */;
			buildSettings = {
				ASSETCATALOG_COMPILER_APPICON_NAME = AppIcon;
				DEVELOPMENT_TEAM = WJ2494P78F;
				INFOPLIST_FILE = chatApplication/Info.plist;
				IPHONEOS_DEPLOYMENT_TARGET = 9.0;
				LD_RUNPATH_SEARCH_PATHS = "$(inherited) @executable_path/Frameworks";
				PRODUCT_BUNDLE_IDENTIFIER = com.SealDev.chatApplicationfb;
				PRODUCT_NAME = "$(TARGET_NAME)";
				SWIFT_VERSION = 3.0;
			};
			name = Debug;
		};
		EEE31B681EB5E9EF0044656C /* Release */ = {
			isa = XCBuildConfiguration;
			baseConfigurationReference = 1EB1D58900A7767311690793 /* Pods-chatApplication.release.xcconfig */;
			buildSettings = {
				ASSETCATALOG_COMPILER_APPICON_NAME = AppIcon;
				DEVELOPMENT_TEAM = WJ2494P78F;
				INFOPLIST_FILE = chatApplication/Info.plist;
				IPHONEOS_DEPLOYMENT_TARGET = 9.0;
				LD_RUNPATH_SEARCH_PATHS = "$(inherited) @executable_path/Frameworks";
				PRODUCT_BUNDLE_IDENTIFIER = com.SealDev.chatApplicationfb;
				PRODUCT_NAME = "$(TARGET_NAME)";
				SWIFT_VERSION = 3.0;
			};
			name = Release;
		};
/* End XCBuildConfiguration section */

/* Begin XCConfigurationList section */
		EEE31B4F1EB5E9EF0044656C /* Build configuration list for PBXProject "chatApplication" */ = {
			isa = XCConfigurationList;
			buildConfigurations = (
				EEE31B641EB5E9EF0044656C /* Debug */,
				EEE31B651EB5E9EF0044656C /* Release */,
			);
			defaultConfigurationIsVisible = 0;
			defaultConfigurationName = Release;
		};
		EEE31B661EB5E9EF0044656C /* Build configuration list for PBXNativeTarget "chatApplication" */ = {
			isa = XCConfigurationList;
			buildConfigurations = (
				EEE31B671EB5E9EF0044656C /* Debug */,
				EEE31B681EB5E9EF0044656C /* Release */,
			);
			defaultConfigurationIsVisible = 0;
			defaultConfigurationName = Release;
		};
/* End XCConfigurationList section */
	};
	rootObject = EEE31B4C1EB5E9EF0044656C /* Project object */;
}
